// !$*UTF8*$!
{
	archiveVersion = 1;
	classes = {
	};
	objectVersion = 48;
	objects = {

/* Begin PBXBuildFile section */
		C47AE78421719A670065F59D /* AppDelegate.m in Sources */ = {isa = PBXBuildFile; fileRef = C47AE78321719A670065F59D /* AppDelegate.m */; };
		C47AE78721719A670065F59D /* ViewController.m in Sources */ = {isa = PBXBuildFile; fileRef = C47AE78621719A670065F59D /* ViewController.m */; };
		C47AE78A21719A670065F59D /* Main.storyboard in Resources */ = {isa = PBXBuildFile; fileRef = C47AE78821719A670065F59D /* Main.storyboard */; };
		C47AE78C21719A670065F59D /* Assets.xcassets in Resources */ = {isa = PBXBuildFile; fileRef = C47AE78B21719A670065F59D /* Assets.xcassets */; };
		C47AE78F21719A670065F59D /* LaunchScreen.storyboard in Resources */ = {isa = PBXBuildFile; fileRef = C47AE78D21719A670065F59D /* LaunchScreen.storyboard */; };
		C47AE79221719A670065F59D /* main.m in Sources */ = {isa = PBXBuildFile; fileRef = C47AE79121719A670065F59D /* main.m */; };
		C47AE79C21719A670065F59D /* BlockTestTests.m in Sources */ = {isa = PBXBuildFile; fileRef = C47AE79B21719A670065F59D /* BlockTestTests.m */; };
		C47AE7A721719A680065F59D /* BlockTestUITests.m in Sources */ = {isa = PBXBuildFile; fileRef = C47AE7A621719A680065F59D /* BlockTestUITests.m */; };
/* End PBXBuildFile section */

/* Begin PBXContainerItemProxy section */
		C47AE79821719A670065F59D /* PBXContainerItemProxy */ = {
			isa = PBXContainerItemProxy;
			containerPortal = C47AE77721719A670065F59D /* Project object */;
			proxyType = 1;
			remoteGlobalIDString = C47AE77E21719A670065F59D;
			remoteInfo = BlockTest;
		};
		C47AE7A321719A680065F59D /* PBXContainerItemProxy */ = {
			isa = PBXContainerItemProxy;
			containerPortal = C47AE77721719A670065F59D /* Project object */;
			proxyType = 1;
			remoteGlobalIDString = C47AE77E21719A670065F59D;
			remoteInfo = BlockTest;
		};
/* End PBXContainerItemProxy section */

/* Begin PBXFileReference section */
		C47AE77F21719A670065F59D /* BlockTest.app */ = {isa = PBXFileReference; explicitFileType = wrapper.application; includeInIndex = 0; path = BlockTest.app; sourceTree = BUILT_PRODUCTS_DIR; };
		C47AE78221719A670065F59D /* AppDelegate.h */ = {isa = PBXFileReference; lastKnownFileType = sourcecode.c.h; path = AppDelegate.h; sourceTree = "<group>"; };
		C47AE78321719A670065F59D /* AppDelegate.m */ = {isa = PBXFileReference; lastKnownFileType = sourcecode.c.objc; path = AppDelegate.m; sourceTree = "<group>"; };
		C47AE78521719A670065F59D /* ViewController.h */ = {isa = PBXFileReference; lastKnownFileType = sourcecode.c.h; path = ViewController.h; sourceTree = "<group>"; };
		C47AE78621719A670065F59D /* ViewController.m */ = {isa = PBXFileReference; lastKnownFileType = sourcecode.c.objc; path = ViewController.m; sourceTree = "<group>"; };
		C47AE78921719A670065F59D /* Base */ = {isa = PBXFileReference; lastKnownFileType = file.storyboard; name = Base; path = Base.lproj/Main.storyboard; sourceTree = "<group>"; };
		C47AE78B21719A670065F59D /* Assets.xcassets */ = {isa = PBXFileReference; lastKnownFileType = folder.assetcatalog; path = Assets.xcassets; sourceTree = "<group>"; };
		C47AE78E21719A670065F59D /* Base */ = {isa = PBXFileReference; lastKnownFileType = file.storyboard; name = Base; path = Base.lproj/LaunchScreen.storyboard; sourceTree = "<group>"; };
		C47AE79021719A670065F59D /* Info.plist */ = {isa = PBXFileReference; lastKnownFileType = text.plist.xml; path = Info.plist; sourceTree = "<group>"; };
		C47AE79121719A670065F59D /* main.m */ = {isa = PBXFileReference; lastKnownFileType = sourcecode.c.objc; path = main.m; sourceTree = "<group>"; };
		C47AE79721719A670065F59D /* BlockTestTests.xctest */ = {isa = PBXFileReference; explicitFileType = wrapper.cfbundle; includeInIndex = 0; path = BlockTestTests.xctest; sourceTree = BUILT_PRODUCTS_DIR; };
		C47AE79B21719A670065F59D /* BlockTestTests.m */ = {isa = PBXFileReference; lastKnownFileType = sourcecode.c.objc; path = BlockTestTests.m; sourceTree = "<group>"; };
		C47AE79D21719A670065F59D /* Info.plist */ = {isa = PBXFileReference; lastKnownFileType = text.plist.xml; path = Info.plist; sourceTree = "<group>"; };
		C47AE7A221719A680065F59D /* BlockTestUITests.xctest */ = {isa = PBXFileReference; explicitFileType = wrapper.cfbundle; includeInIndex = 0; path = BlockTestUITests.xctest; sourceTree = BUILT_PRODUCTS_DIR; };
		C47AE7A621719A680065F59D /* BlockTestUITests.m */ = {isa = PBXFileReference; lastKnownFileType = sourcecode.c.objc; path = BlockTestUITests.m; sourceTree = "<group>"; };
		C47AE7A821719A680065F59D /* Info.plist */ = {isa = PBXFileReference; lastKnownFileType = text.plist.xml; path = Info.plist; sourceTree = "<group>"; };
/* End PBXFileReference section */

/* Begin PBXFrameworksBuildPhase section */
		C47AE77C21719A670065F59D /* Frameworks */ = {
			isa = PBXFrameworksBuildPhase;
			buildActionMask = 2147483647;
			files = (
			);
			runOnlyForDeploymentPostprocessing = 0;
		};
		C47AE79421719A670065F59D /* Frameworks */ = {
			isa = PBXFrameworksBuildPhase;
			buildActionMask = 2147483647;
			files = (
			);
			runOnlyForDeploymentPostprocessing = 0;
		};
		C47AE79F21719A680065F59D /* Frameworks */ = {
			isa = PBXFrameworksBuildPhase;
			buildActionMask = 2147483647;
			files = (
			);
			runOnlyForDeploymentPostprocessing = 0;
		};
/* End PBXFrameworksBuildPhase section */

/* Begin PBXGroup section */
		C47AE77621719A670065F59D = {
			isa = PBXGroup;
			children = (
				C47AE78121719A670065F59D /* BlockTest */,
				C47AE79A21719A670065F59D /* BlockTestTests */,
				C47AE7A521719A680065F59D /* BlockTestUITests */,
				C47AE78021719A670065F59D /* Products */,
			);
			sourceTree = "<group>";
		};
		C47AE78021719A670065F59D /* Products */ = {
			isa = PBXGroup;
			children = (
				C47AE77F21719A670065F59D /* BlockTest.app */,
				C47AE79721719A670065F59D /* BlockTestTests.xctest */,
				C47AE7A221719A680065F59D /* BlockTestUITests.xctest */,
			);
			name = Products;
			sourceTree = "<group>";
		};
		C47AE78121719A670065F59D /* BlockTest */ = {
			isa = PBXGroup;
			children = (
				C47AE78221719A670065F59D /* AppDelegate.h */,
				C47AE78321719A670065F59D /* AppDelegate.m */,
				C47AE78521719A670065F59D /* ViewController.h */,
				C47AE78621719A670065F59D /* ViewController.m */,
				C47AE78821719A670065F59D /* Main.storyboard */,
				C47AE78B21719A670065F59D /* Assets.xcassets */,
				C47AE78D21719A670065F59D /* LaunchScreen.storyboard */,
				C47AE79021719A670065F59D /* Info.plist */,
				C47AE79121719A670065F59D /* main.m */,
			);
			path = BlockTest;
			sourceTree = "<group>";
		};
		C47AE79A21719A670065F59D /* BlockTestTests */ = {
			isa = PBXGroup;
			children = (
				C47AE79B21719A670065F59D /* BlockTestTests.m */,
				C47AE79D21719A670065F59D /* Info.plist */,
			);
			path = BlockTestTests;
			sourceTree = "<group>";
		};
		C47AE7A521719A680065F59D /* BlockTestUITests */ = {
			isa = PBXGroup;
			children = (
				C47AE7A621719A680065F59D /* BlockTestUITests.m */,
				C47AE7A821719A680065F59D /* Info.plist */,
			);
			path = BlockTestUITests;
			sourceTree = "<group>";
		};
/* End PBXGroup section */

/* Begin PBXNativeTarget section */
		C47AE77E21719A670065F59D /* BlockTest */ = {
			isa = PBXNativeTarget;
			buildConfigurationList = C47AE7AB21719A680065F59D /* Build configuration list for PBXNativeTarget "BlockTest" */;
			buildPhases = (
				C47AE77B21719A670065F59D /* Sources */,
				C47AE77C21719A670065F59D /* Frameworks */,
				C47AE77D21719A670065F59D /* Resources */,
			);
			buildRules = (
			);
			dependencies = (
			);
			name = BlockTest;
			productName = BlockTest;
			productReference = C47AE77F21719A670065F59D /* BlockTest.app */;
			productType = "com.apple.product-type.application";
		};
		C47AE79621719A670065F59D /* BlockTestTests */ = {
			isa = PBXNativeTarget;
			buildConfigurationList = C47AE7AE21719A680065F59D /* Build configuration list for PBXNativeTarget "BlockTestTests" */;
			buildPhases = (
				C47AE79321719A670065F59D /* Sources */,
				C47AE79421719A670065F59D /* Frameworks */,
				C47AE79521719A670065F59D /* Resources */,
			);
			buildRules = (
			);
			dependencies = (
				C47AE79921719A670065F59D /* PBXTargetDependency */,
			);
			name = BlockTestTests;
			productName = BlockTestTests;
			productReference = C47AE79721719A670065F59D /* BlockTestTests.xctest */;
			productType = "com.apple.product-type.bundle.unit-test";
		};
		C47AE7A121719A680065F59D /* BlockTestUITests */ = {
			isa = PBXNativeTarget;
			buildConfigurationList = C47AE7B121719A680065F59D /* Build configuration list for PBXNativeTarget "BlockTestUITests" */;
			buildPhases = (
				C47AE79E21719A680065F59D /* Sources */,
				C47AE79F21719A680065F59D /* Frameworks */,
				C47AE7A021719A680065F59D /* Resources */,
			);
			buildRules = (
			);
			dependencies = (
				C47AE7A421719A680065F59D /* PBXTargetDependency */,
			);
			name = BlockTestUITests;
			productName = BlockTestUITests;
			productReference = C47AE7A221719A680065F59D /* BlockTestUITests.xctest */;
			productType = "com.apple.product-type.bundle.ui-testing";
		};
/* End PBXNativeTarget section */

/* Begin PBXProject section */
		C47AE77721719A670065F59D /* Project object */ = {
			isa = PBXProject;
			attributes = {
				LastUpgradeCheck = 0900;
				ORGANIZATIONNAME = com.xxx;
				TargetAttributes = {
					C47AE77E21719A670065F59D = {
						CreatedOnToolsVersion = 9.0;
						ProvisioningStyle = Automatic;
					};
					C47AE79621719A670065F59D = {
						CreatedOnToolsVersion = 9.0;
						ProvisioningStyle = Automatic;
						TestTargetID = C47AE77E21719A670065F59D;
					};
					C47AE7A121719A680065F59D = {
						CreatedOnToolsVersion = 9.0;
						ProvisioningStyle = Automatic;
						TestTargetID = C47AE77E21719A670065F59D;
					};
				};
			};
			buildConfigurationList = C47AE77A21719A670065F59D /* Build configuration list for PBXProject "BlockTest" */;
			compatibilityVersion = "Xcode 8.0";
			developmentRegion = en;
			hasScannedForEncodings = 0;
			knownRegions = (
				en,
				Base,
			);
			mainGroup = C47AE77621719A670065F59D;
			productRefGroup = C47AE78021719A670065F59D /* Products */;
			projectDirPath = "";
			projectRoot = "";
			targets = (
				C47AE77E21719A670065F59D /* BlockTest */,
				C47AE79621719A670065F59D /* BlockTestTests */,
				C47AE7A121719A680065F59D /* BlockTestUITests */,
			);
		};
/* End PBXProject section */

/* Begin PBXResourcesBuildPhase section */
		C47AE77D21719A670065F59D /* Resources */ = {
			isa = PBXResourcesBuildPhase;
			buildActionMask = 2147483647;
			files = (
				C47AE78F21719A670065F59D /* LaunchScreen.storyboard in Resources */,
				C47AE78C21719A670065F59D /* Assets.xcassets in Resources */,
				C47AE78A21719A670065F59D /* Main.storyboard in Resources */,
			);
			runOnlyForDeploymentPostprocessing = 0;
		};
		C47AE79521719A670065F59D /* Resources */ = {
			isa = PBXResourcesBuildPhase;
			buildActionMask = 2147483647;
			files = (
			);
			runOnlyForDeploymentPostprocessing = 0;
		};
		C47AE7A021719A680065F59D /* Resources */ = {
			isa = PBXResourcesBuildPhase;
			buildActionMask = 2147483647;
			files = (
			);
			runOnlyForDeploymentPostprocessing = 0;
		};
/* End PBXResourcesBuildPhase section */

/* Begin PBXSourcesBuildPhase section */
		C47AE77B21719A670065F59D /* Sources */ = {
			isa = PBXSourcesBuildPhase;
			buildActionMask = 2147483647;
			files = (
				C47AE78721719A670065F59D /* ViewController.m in Sources */,
				C47AE79221719A670065F59D /* main.m in Sources */,
				C47AE78421719A670065F59D /* AppDelegate.m in Sources */,
			);
			runOnlyForDeploymentPostprocessing = 0;
		};
		C47AE79321719A670065F59D /* Sources */ = {
			isa = PBXSourcesBuildPhase;
			buildActionMask = 2147483647;
			files = (
				C47AE79C21719A670065F59D /* BlockTestTests.m in Sources */,
			);
			runOnlyForDeploymentPostprocessing = 0;
		};
		C47AE79E21719A680065F59D /* Sources */ = {
			isa = PBXSourcesBuildPhase;
			buildActionMask = 2147483647;
			files = (
				C47AE7A721719A680065F59D /* BlockTestUITests.m in Sources */,
			);
			runOnlyForDeploymentPostprocessing = 0;
		};
/* End PBXSourcesBuildPhase section */

/* Begin PBXTargetDependency section */
		C47AE79921719A670065F59D /* PBXTargetDependency */ = {
			isa = PBXTargetDependency;
			target = C47AE77E21719A670065F59D /* BlockTest */;
			targetProxy = C47AE79821719A670065F59D /* PBXContainerItemProxy */;
		};
		C47AE7A421719A680065F59D /* PBXTargetDependency */ = {
			isa = PBXTargetDependency;
			target = C47AE77E21719A670065F59D /* BlockTest */;
			targetProxy = C47AE7A321719A680065F59D /* PBXContainerItemProxy */;
		};
/* End PBXTargetDependency section */

/* Begin PBXVariantGroup section */
		C47AE78821719A670065F59D /* Main.storyboard */ = {
			isa = PBXVariantGroup;
			children = (
				C47AE78921719A670065F59D /* Base */,
			);
			name = Main.storyboard;
			sourceTree = "<group>";
		};
		C47AE78D21719A670065F59D /* LaunchScreen.storyboard */ = {
			isa = PBXVariantGroup;
			children = (
				C47AE78E21719A670065F59D /* Base */,
			);
			name = LaunchScreen.storyboard;
			sourceTree = "<group>";
		};
/* End PBXVariantGroup section */

/* Begin XCBuildConfiguration section */
		C47AE7A921719A680065F59D /* Debug */ = {
			isa = XCBuildConfiguration;
			buildSettings = {
				ALWAYS_SEARCH_USER_PATHS = NO;
				CLANG_ANALYZER_NONNULL = YES;
				CLANG_ANALYZER_NUMBER_OBJECT_CONVERSION = YES_AGGRESSIVE;
				CLANG_CXX_LANGUAGE_STANDARD = "gnu++14";
				CLANG_CXX_LIBRARY = "libc++";
				CLANG_ENABLE_MODULES = YES;
				CLANG_ENABLE_OBJC_ARC = YES;
				CLANG_WARN_BLOCK_CAPTURE_AUTORELEASING = YES;
				CLANG_WARN_BOOL_CONVERSION = YES;
				CLANG_WARN_COMMA = YES;
				CLANG_WARN_CONSTANT_CONVERSION = YES;
				CLANG_WARN_DIRECT_OBJC_ISA_USAGE = YES_ERROR;
				CLANG_WARN_DOCUMENTATION_COMMENTS = YES;
				CLANG_WARN_EMPTY_BODY = YES;
				CLANG_WARN_ENUM_CONVERSION = YES;
				CLANG_WARN_INFINITE_RECURSION = YES;
				CLANG_WARN_INT_CONVERSION = YES;
				CLANG_WARN_NON_LITERAL_NULL_CONVERSION = YES;
				CLANG_WARN_OBJC_LITERAL_CONVERSION = YES;
				CLANG_WARN_OBJC_ROOT_CLASS = YES_ERROR;
				CLANG_WARN_RANGE_LOOP_ANALYSIS = YES;
				CLANG_WARN_STRICT_PROTOTYPES = YES;
				CLANG_WARN_SUSPICIOUS_MOVE = YES;
				CLANG_WARN_UNGUARDED_AVAILABILITY = YES_AGGRESSIVE;
				CLANG_WARN_UNREACHABLE_CODE = YES;
				CLANG_WARN__DUPLICATE_METHOD_MATCH = YES;
				CODE_SIGN_IDENTITY = "iPhone Developer";
				COPY_PHASE_STRIP = NO;
				DEBUG_INFORMATION_FORMAT = dwarf;
				ENABLE_STRICT_OBJC_MSGSEND = YES;
				ENABLE_TESTABILITY = YES;
				GCC_C_LANGUAGE_STANDARD = gnu11;
				GCC_DYNAMIC_NO_PIC = NO;
				GCC_NO_COMMON_BLOCKS = YES;
				GCC_OPTIMIZATION_LEVEL = 0;
				GCC_PREPROCESSOR_DEFINITIONS = (
					"DEBUG=1",
					"$(inherited)",
				);
				GCC_WARN_64_TO_32_BIT_CONVERSION = YES;
				GCC_WARN_ABOUT_RETURN_TYPE = YES_ERROR;
				GCC_WARN_UNDECLARED_SELECTOR = YES;
				GCC_WARN_UNINITIALIZED_AUTOS = YES_AGGRESSIVE;
				GCC_WARN_UNUSED_FUNCTION = YES;
				GCC_WARN_UNUSED_VARIABLE = YES;
				IPHONEOS_DEPLOYMENT_TARGET = 11.0;
				MTL_ENABLE_DEBUG_INFO = YES;
				ONLY_ACTIVE_ARCH = YES;
				SDKROOT = iphoneos;
			};
			name = Debug;
		};
		C47AE7AA21719A680065F59D /* Release */ = {
			isa = XCBuildConfiguration;
			buildSettings = {
				ALWAYS_SEARCH_USER_PATHS = NO;
				CLANG_ANALYZER_NONNULL = YES;
				CLANG_ANALYZER_NUMBER_OBJECT_CONVERSION = YES_AGGRESSIVE;
				CLANG_CXX_LANGUAGE_STANDARD = "gnu++14";
				CLANG_CXX_LIBRARY = "libc++";
				CLANG_ENABLE_MODULES = YES;
				CLANG_ENABLE_OBJC_ARC = YES;
				CLANG_WARN_BLOCK_CAPTURE_AUTORELEASING = YES;
				CLANG_WARN_BOOL_CONVERSION = YES;
				CLANG_WARN_COMMA = YES;
				CLANG_WARN_CONSTANT_CONVERSION = YES;
				CLANG_WARN_DIRECT_OBJC_ISA_USAGE = YES_ERROR;
				CLANG_WARN_DOCUMENTATION_COMMENTS = YES;
				CLANG_WARN_EMPTY_BODY = YES;
				CLANG_WARN_ENUM_CONVERSION = YES;
				CLANG_WARN_INFINITE_RECURSION = YES;
				CLANG_WARN_INT_CONVERSION = YES;
				CLANG_WARN_NON_LITERAL_NULL_CONVERSION = YES;
				CLANG_WARN_OBJC_LITERAL_CONVERSION = YES;
				CLANG_WARN_OBJC_ROOT_CLASS = YES_ERROR;
				CLANG_WARN_RANGE_LOOP_ANALYSIS = YES;
				CLANG_WARN_STRICT_PROTOTYPES = YES;
				CLANG_WARN_SUSPICIOUS_MOVE = YES;
				CLANG_WARN_UNGUARDED_AVAILABILITY = YES_AGGRESSIVE;
				CLANG_WARN_UNREACHABLE_CODE = YES;
				CLANG_WARN__DUPLICATE_METHOD_MATCH = YES;
				CODE_SIGN_IDENTITY = "iPhone Developer";
				COPY_PHASE_STRIP = NO;
				DEBUG_INFORMATION_FORMAT = "dwarf-with-dsym";
				ENABLE_NS_ASSERTIONS = NO;
				ENABLE_STRICT_OBJC_MSGSEND = YES;
				GCC_C_LANGUAGE_STANDARD = gnu11;
				GCC_NO_COMMON_BLOCKS = YES;
				GCC_WARN_64_TO_32_BIT_CONVERSION = YES;
				GCC_WARN_ABOUT_RETURN_TYPE = YES_ERROR;
				GCC_WARN_UNDECLARED_SELECTOR = YES;
				GCC_WARN_UNINITIALIZED_AUTOS = YES_AGGRESSIVE;
				GCC_WARN_UNUSED_FUNCTION = YES;
				GCC_WARN_UNUSED_VARIABLE = YES;
				IPHONEOS_DEPLOYMENT_TARGET = 11.0;
				MTL_ENABLE_DEBUG_INFO = NO;
				SDKROOT = iphoneos;
				VALIDATE_PRODUCT = YES;
			};
			name = Release;
		};
		C47AE7AC21719A680065F59D /* Debug */ = {
			isa = XCBuildConfiguration;
			buildSettings = {
				ASSETCATALOG_COMPILER_APPICON_NAME = AppIcon;
				CODE_SIGN_STYLE = Automatic;
				INFOPLIST_FILE = BlockTest/Info.plist;
				LD_RUNPATH_SEARCH_PATHS = "$(inherited) @executable_path/Frameworks";
				PRODUCT_BUNDLE_IDENTIFIER = xxx.BlockTest;
				PRODUCT_NAME = "$(TARGET_NAME)";
				TARGETED_DEVICE_FAMILY = "1,2";
			};
			name = Debug;
		};
		C47AE7AD21719A680065F59D /* Release */ = {
			isa = XCBuildConfiguration;
			buildSettings = {
				ASSETCATALOG_COMPILER_APPICON_NAME = AppIcon;
				CODE_SIGN_STYLE = Automatic;
				INFOPLIST_FILE = BlockTest/Info.plist;
				LD_RUNPATH_SEARCH_PATHS = "$(inherited) @executable_path/Frameworks";
				PRODUCT_BUNDLE_IDENTIFIER = xxx.BlockTest;
				PRODUCT_NAME = "$(TARGET_NAME)";
				TARGETED_DEVICE_FAMILY = "1,2";
			};
			name = Release;
		};
		C47AE7AF21719A680065F59D /* Debug */ = {
			isa = XCBuildConfiguration;
			buildSettings = {
				BUNDLE_LOADER = "$(TEST_HOST)";
				CODE_SIGN_STYLE = Automatic;
				INFOPLIST_FILE = BlockTestTests/Info.plist;
				LD_RUNPATH_SEARCH_PATHS = "$(inherited) @executable_path/Frameworks @loader_path/Frameworks";
				PRODUCT_BUNDLE_IDENTIFIER = xxx.BlockTestTests;
				PRODUCT_NAME = "$(TARGET_NAME)";
				TARGETED_DEVICE_FAMILY = "1,2";
				TEST_HOST = "$(BUILT_PRODUCTS_DIR)/BlockTest.app/BlockTest";
			};
			name = Debug;
		};
		C47AE7B021719A680065F59D /* Release */ = {
			isa = XCBuildConfiguration;
			buildSettings = {
				BUNDLE_LOADER = "$(TEST_HOST)";
				CODE_SIGN_STYLE = Automatic;
				INFOPLIST_FILE = BlockTestTests/Info.plist;
				LD_RUNPATH_SEARCH_PATHS = "$(inherited) @executable_path/Frameworks @loader_path/Frameworks";
				PRODUCT_BUNDLE_IDENTIFIER = xxx.BlockTestTests;
				PRODUCT_NAME = "$(TARGET_NAME)";
				TARGETED_DEVICE_FAMILY = "1,2";
				TEST_HOST = "$(BUILT_PRODUCTS_DIR)/BlockTest.app/BlockTest";
			};
			name = Release;
		};
		C47AE7B221719A680065F59D /* Debug */ = {
			isa = XCBuildConfiguration;
			buildSettings = {
				CODE_SIGN_STYLE = Automatic;
				INFOPLIST_FILE = BlockTestUITests/Info.plist;
				LD_RUNPATH_SEARCH_PATHS = "$(inherited) @executable_path/Frameworks @loader_path/Frameworks";
				PRODUCT_BUNDLE_IDENTIFIER = xxx.BlockTestUITests;
				PRODUCT_NAME = "$(TARGET_NAME)";
				TARGETED_DEVICE_FAMILY = "1,2";
				TEST_TARGET_NAME = BlockTest;
			};
			name = Debug;
		};
		C47AE7B321719A680065F59D /* Release */ = {
			isa = XCBuildConfiguration;
			buildSettings = {
				CODE_SIGN_STYLE = Automatic;
				INFOPLIST_FILE = BlockTestUITests/Info.plist;
				LD_RUNPATH_SEARCH_PATHS = "$(inherited) @executable_path/Frameworks @loader_path/Frameworks";
				PRODUCT_BUNDLE_IDENTIFIER = xxx.BlockTestUITests;
				PRODUCT_NAME = "$(TARGET_NAME)";
				TARGETED_DEVICE_FAMILY = "1,2";
				TEST_TARGET_NAME = BlockTest;
			};
			name = Release;
		};
/* End XCBuildConfiguration section */

/* Begin XCConfigurationList section */
		C47AE77A21719A670065F59D /* Build configuration list for PBXProject "BlockTest" */ = {
			isa = XCConfigurationList;
			buildConfigurations = (
				C47AE7A921719A680065F59D /* Debug */,
				C47AE7AA21719A680065F59D /* Release */,
			);
			defaultConfigurationIsVisible = 0;
			defaultConfigurationName = Release;
		};
		C47AE7AB21719A680065F59D /* Build configuration list for PBXNativeTarget "BlockTest" */ = {
			isa = XCConfigurationList;
			buildConfigurations = (
				C47AE7AC21719A680065F59D /* Debug */,
				C47AE7AD21719A680065F59D /* Release */,
			);
			defaultConfigurationIsVisible = 0;
			defaultConfigurationName = Release;
		};
		C47AE7AE21719A680065F59D /* Build configuration list for PBXNativeTarget "BlockTestTests" */ = {
			isa = XCConfigurationList;
			buildConfigurations = (
				C47AE7AF21719A680065F59D /* Debug */,
				C47AE7B021719A680065F59D /* Release */,
			);
			defaultConfigurationIsVisible = 0;
			defaultConfigurationName = Release;
		};
		C47AE7B121719A680065F59D /* Build configuration list for PBXNativeTarget "BlockTestUITests" */ = {
			isa = XCConfigurationList;
			buildConfigurations = (
				C47AE7B221719A680065F59D /* Debug */,
				C47AE7B321719A680065F59D /* Release */,
			);
			defaultConfigurationIsVisible = 0;
			defaultConfigurationName = Release;
		};
/* End XCConfigurationList section */
	};
	rootObject = C47AE77721719A670065F59D /* Project object */;
}
